github.com/BurntSushi/toml v0.3.1 h1:WXkYYl6Yr3qBf1K79EBnL4mak0OimBfB0XUf9Vl28OQ=
github.com/BurntSushi/toml v0.3.1/go.mod h1:xHWCNGjB5oqiDr8zfno3MHue2Ht5sIBksp03qcyfWMU=
github.com/pebbe/util v0.9.0 h1:PMZd+CpWb8GbWEmFGlL3qd6XPuywl6xFIbrXWi870OA=
github.com/pebbe/util v0.9.0/go.mod h1:ynWl/SFX4+Seb9fpjVlYevr1f4TP7FrCmyZHiBCg69Q=
github.com/rug-compling/alpinods v1.12.4 h1:SkNFEcNhS8oD7QwaCdMOEfkUGtbW16ghdDFr+f0xX+k=
github.com/rug-compling/alpinods v1.12.4/go.mod h1:R3BBX8RIw9InVqHZ+1W+MsX8WX8uBkoVNNGE38mqF1Q=
github.com/rug-compling/alud/v2 v2.8.1 h1:cG4lFX8iQkGSE49ZlSnBjcxUNpaEtmvaUeg59UzVpAE=
github.com/rug-compling/alud/v2 v2.8.1/go.mod h1:M+vSatnGuun2IZWgfCSHO0lZre4aIN3w/kwVhPow5QU=
